
Microsoft Visual Studio Solution File, Format Version 12.00
# Visual Studio Version 16
VisualStudioVersion = 16.0.30907.101
MinimumVisualStudioVersion = 10.0.40219.1
Project("{FAE04EC0-301F-11D3-BF4B-00C04F79EFBC}") = "andrefmello91.SPMElements", "andrefmello91.SPMElements\andrefmello91.SPMElements.csproj", "{589B4DD6-D5F4-4FC6-BBA4-BD52EC4F287F}"
EndProject
Project("{FAE04EC0-301F-11D3-BF4B-00C04F79EFBC}") = "andrefmello91.FEMAnalysis", "..\FEMAnalysis\andrefmello91.FEMAnalysis\andrefmello91.FEMAnalysis.csproj", "{EAAD398B-BFA4-480C-A72B-7530202EFEEB}"
EndProject
Global
	GlobalSection(SolutionConfigurationPlatforms) = preSolution
		Debug|Any CPU = Debug|Any CPU
		Release|Any CPU = Release|Any CPU
	EndGlobalSection
	GlobalSection(ProjectConfigurationPlatforms) = postSolution
		{589B4DD6-D5F4-4FC6-BBA4-BD52EC4F287F}.Debug|Any CPU.ActiveCfg = Debug|Any CPU
		{589B4DD6-D5F4-4FC6-BBA4-BD52EC4F287F}.Debug|Any CPU.Build.0 = Debug|Any CPU
		{589B4DD6-D5F4-4FC6-BBA4-BD52EC4F287F}.Release|Any CPU.ActiveCfg = Release|Any CPU
		{589B4DD6-D5F4-4FC6-BBA4-BD52EC4F287F}.Release|Any CPU.Build.0 = Release|Any CPU
		{EAAD398B-BFA4-480C-A72B-7530202EFEEB}.Debug|Any CPU.ActiveCfg = Debug|Any CPU
		{EAAD398B-BFA4-480C-A72B-7530202EFEEB}.Debug|Any CPU.Build.0 = Debug|Any CPU
		{EAAD398B-BFA4-480C-A72B-7530202EFEEB}.Release|Any CPU.ActiveCfg = Release|Any CPU
		{EAAD398B-BFA4-480C-A72B-7530202EFEEB}.Release|Any CPU.Build.0 = Release|Any CPU
	EndGlobalSection
	GlobalSection(SolutionProperties) = preSolution
		HideSolutionNode = FALSE
	EndGlobalSection
	GlobalSection(ExtensibilityGlobals) = postSolution
		SolutionGuid = {C5ADB6DE-C941-42C5-AFA9-56435F1EC2D8}
	EndGlobalSection
EndGlobal
